{
  "requires": true,
  "lockfileVersion": 1,
  "dependencies": {
    "cordova-plugin-document-viewer": {
      "version": "git+https://github.com/sitewaerts/cordova-plugin-document-viewer.git#25b82d959c20d7880d513100c2b979e1e15349dc",
      "from": "git+https://github.com/sitewaerts/cordova-plugin-document-viewer.git"
    }
  }
}
